
Microsoft Visual Studio Solution File, Format Version 12.00
# Visual Studio 2012
Project("{FAE04EC0-301F-11D3-BF4B-00C04F79EFBC}") = "OBMP", "OBMP\OBMP.csproj", "{02ECBBF5-75F8-4A16-A6ED-0EC47C3D3326}"
EndProject
Project("{FAE04EC0-301F-11D3-BF4B-00C04F79EFBC}") = "OBMPDataModel", "OBMPDataModel\OBMPDataModel.csproj", "{6F9C2621-695C-4BDE-881B-157DCAA75C07}"
EndProject
Project("{FAE04EC0-301F-11D3-BF4B-00C04F79EFBC}") = "MembershipApplication", "MembershipApplication\MembershipApplication.csproj", "{EEE4FCE6-02BE-471B-8393-BBF85B0280C8}"
EndProject
Global
	GlobalSection(SolutionConfigurationPlatforms) = preSolution
		Debug|Any CPU = Debug|Any CPU
		Release|Any CPU = Release|Any CPU
	EndGlobalSection
	GlobalSection(ProjectConfigurationPlatforms) = postSolution
		{02ECBBF5-75F8-4A16-A6ED-0EC47C3D3326}.Debug|Any CPU.ActiveCfg = Debug|Any CPU
		{02ECBBF5-75F8-4A16-A6ED-0EC47C3D3326}.Debug|Any CPU.Build.0 = Debug|Any CPU
		{02ECBBF5-75F8-4A16-A6ED-0EC47C3D3326}.Release|Any CPU.ActiveCfg = Release|Any CPU
		{02ECBBF5-75F8-4A16-A6ED-0EC47C3D3326}.Release|Any CPU.Build.0 = Release|Any CPU
		{6F9C2621-695C-4BDE-881B-157DCAA75C07}.Debug|Any CPU.ActiveCfg = Debug|Any CPU
		{6F9C2621-695C-4BDE-881B-157DCAA75C07}.Debug|Any CPU.Build.0 = Debug|Any CPU
		{6F9C2621-695C-4BDE-881B-157DCAA75C07}.Release|Any CPU.ActiveCfg = Release|Any CPU
		{6F9C2621-695C-4BDE-881B-157DCAA75C07}.Release|Any CPU.Build.0 = Release|Any CPU
		{EEE4FCE6-02BE-471B-8393-BBF85B0280C8}.Debug|Any CPU.ActiveCfg = Debug|Any CPU
		{EEE4FCE6-02BE-471B-8393-BBF85B0280C8}.Debug|Any CPU.Build.0 = Debug|Any CPU
		{EEE4FCE6-02BE-471B-8393-BBF85B0280C8}.Release|Any CPU.ActiveCfg = Release|Any CPU
		{EEE4FCE6-02BE-471B-8393-BBF85B0280C8}.Release|Any CPU.Build.0 = Release|Any CPU
	EndGlobalSection
	GlobalSection(SolutionProperties) = preSolution
		HideSolutionNode = FALSE
	EndGlobalSection
EndGlobal
